
Microsoft Visual Studio Solution File, Format Version 12.00
# Visual Studio 2012
Project("{FAE04EC0-301F-11D3-BF4B-00C04F79EFBC}") = "QuestionSet2", "QuestionSet2\QuestionSet2.csproj", "{4FD78770-F198-4B52-90B8-C222D8C704A5}"
EndProject
Global
	GlobalSection(SolutionConfigurationPlatforms) = preSolution
		Debug|Any CPU = Debug|Any CPU
		Release|Any CPU = Release|Any CPU
	EndGlobalSection
	GlobalSection(ProjectConfigurationPlatforms) = postSolution
		{4FD78770-F198-4B52-90B8-C222D8C704A5}.Debug|Any CPU.ActiveCfg = Debug|Any CPU
		{4FD78770-F198-4B52-90B8-C222D8C704A5}.Debug|Any CPU.Build.0 = Debug|Any CPU
		{4FD78770-F198-4B52-90B8-C222D8C704A5}.Release|Any CPU.ActiveCfg = Release|Any CPU
		{4FD78770-F198-4B52-90B8-C222D8C704A5}.Release|Any CPU.Build.0 = Release|Any CPU
	EndGlobalSection
	GlobalSection(SolutionProperties) = preSolution
		HideSolutionNode = FALSE
	EndGlobalSection
EndGlobal
